# THIS IS AN AUTOGENERATED FILE. DO NOT EDIT THIS FILE DIRECTLY.
# yarn lockfile v1


"@ampproject/remapping@^2.2.0":
  version "2.3.0"
  resolved "https://registry.yarnpkg.com/@ampproject/remapping/-/remapping-2.3.0.tgz#ed441b6fa600072520ce18b43d2c8cc8caecc7f4"
  integrity sha512-30iZtAPgz+LTIYoeivqYo853f02jBYSd5uGnGpkFV0M3xOt9aN73erkgYAmZU43x4VfqcnLxW9Kpg3R5LC4YYw==
  dependencies:
    "@jridgewell/gen-mapping" "^0.3.5"
    "@jridgewell/trace-mapping" "^0.3.24"

"@angular-devkit/core@19.2.6":
  version "19.2.6"
  resolved "https://registry.yarnpkg.com/@angular-devkit/core/-/core-19.2.6.tgz#b709c3d3e633691027e03fc01aefb620042efd1f"
  integrity sha512-WFgiYhrDMq83UNaGRAneIM7CYYdBozD+yYA9BjoU8AgBLKtrvn6S8ZcjKAk5heoHtY/u8pEb0mwDTz9gxFmJZQ==
  dependencies:
    ajv "8.17.1"
    ajv-formats "3.0.1"
    jsonc-parser "3.3.1"
    picomatch "4.0.2"
    rxjs "7.8.1"
    source-map "0.7.4"